
Microsoft Visual Studio Solution File, Format Version 12.00
# Visual Studio 15
VisualStudioVersion = 15.0.28010.2019
MinimumVisualStudioVersion = 10.0.40219.1
Project("{9A19103F-16F7-4668-BE54-9A1E7A4F7556}") = "bhp-vm", "bhp-vm\src\bhp-vm\bhp-vm.csproj", "{58589644-1585-496C-9001-815A436F3A9E}"
EndProject
Project("{9A19103F-16F7-4668-BE54-9A1E7A4F7556}") = "bhp", "bhp\bhp\bhp.csproj", "{8D212845-8415-4FA3-8AF6-52487B88FD84}"
EndProject
Project("{9A19103F-16F7-4668-BE54-9A1E7A4F7556}") = "bhp.UnitTests", "bhp\bhp.UnitTests\bhp.UnitTests.csproj", "{29CA792D-78A6-4307-BD2E-199CBAF13452}"
EndProject
Project("{9A19103F-16F7-4668-BE54-9A1E7A4F7556}") = "bhp-cli", "bhp-cli\bhp-cli\bhp-cli.csproj", "{7B3153EA-F050-422D-95DC-730BF9C98A9A}"
EndProject
Project("{FAE04EC0-301F-11D3-BF4B-00C04F79EFBC}") = "bhp-gui", "bhp-gui\bhp-gui\bhp-gui.csproj", "{CFC243F0-F4E3-4754-8E21-8BA17E1C1788}"
EndProject
Project("{2150E333-8FDC-42A3-9474-1A3956D46DE8}") = "plugins", "plugins", "{9B4CB6B6-2480-459E-9EB5-7CBE6DCA959D}"
EndProject
Project("{9A19103F-16F7-4668-BE54-9A1E7A4F7556}") = "ApplicationLogs", "bhp-plugins\ApplicationLogs\ApplicationLogs.csproj", "{FD148758-EC3D-45CB-B317-673C9E39B7E3}"
EndProject
Project("{9A19103F-16F7-4668-BE54-9A1E7A4F7556}") = "ImportBlocks", "bhp-plugins\ImportBlocks\ImportBlocks.csproj", "{6DE9B330-87E4-44D4-9FB5-38971EAADE5B}"
EndProject
Project("{9A19103F-16F7-4668-BE54-9A1E7A4F7556}") = "SimplePolicy", "bhp-plugins\SimplePolicy\SimplePolicy.csproj", "{53D1CAB4-F5FD-404C-A918-F14AC25354FE}"
EndProject
Project("{9A19103F-16F7-4668-BE54-9A1E7A4F7556}") = "StatesDumper", "bhp-plugins\StatesDumper\StatesDumper.csproj", "{CF23D5E8-2732-4CBB-9639-21D3EE4C245F}"
EndProject
Project("{2150E333-8FDC-42A3-9474-1A3956D46DE8}") = "compiler", "compiler", "{CD337D32-63CB-4092-8475-EDFCE01E1249}"
EndProject
Project("{9A19103F-16F7-4668-BE54-9A1E7A4F7556}") = "bhpa", "bhp-compiler\bhpa\bhpa.csproj", "{7BCE9837-DD29-41A0-85E5-1540E7D492B3}"
EndProject
Project("{9A19103F-16F7-4668-BE54-9A1E7A4F7556}") = "bhpj", "bhp-compiler\bhpj\bhpj.csproj", "{8F0C2B01-7192-4EEB-8AD6-E16D11CA26AD}"
EndProject
Project("{9A19103F-16F7-4668-BE54-9A1E7A4F7556}") = "bhpn", "bhp-compiler\bhpn\bhpn.csproj", "{346E219B-D965-4FB4-A231-28247CA31A8D}"
EndProject
Project("{9A19103F-16F7-4668-BE54-9A1E7A4F7556}") = "bhp.monocecil", "bhp.monocecil\bhp.monocecil\bhp.monocecil.csproj", "{C09191CD-E72A-4D9B-A669-11D5212B35B2}"
EndProject
Project("{2150E333-8FDC-42A3-9474-1A3956D46DE8}") = "gateway", "gateway", "{4EDA5316-4D56-413E-87BC-02E95F1D265A}"
EndProject
Project("{9A19103F-16F7-4668-BE54-9A1E7A4F7556}") = "AkkaTest", "AkkaTest\AkkaTest.csproj", "{8D5FFCB2-3E6E-47AD-AA2A-17D08A55C4E0}"
EndProject
Project("{9A19103F-16F7-4668-BE54-9A1E7A4F7556}") = "ConsoleLogger", "bhp-plugins\ConsoleLogger\ConsoleLogger.csproj", "{2ACD4E4C-26C0-4353-B770-B6B515BF01F6}"
EndProject
Project("{2150E333-8FDC-42A3-9474-1A3956D46DE8}") = "wallets", "wallets", "{FA9AC707-2BD6-440C-9BD2-39ADAD9B1E08}"
EndProject
Project("{9A19103F-16F7-4668-BE54-9A1E7A4F7556}") = "RpcSecurity", "bhp-plugins\RpcSecurity\RpcSecurity.csproj", "{3F99F967-FD76-4E44-A805-92F07C362D61}"
EndProject
Project("{2150E333-8FDC-42A3-9474-1A3956D46DE8}") = "sdk", "sdk", "{A9FCACD3-2DC4-483B-850C-215BBF80A9B0}"
EndProject
Project("{2150E333-8FDC-42A3-9474-1A3956D46DE8}") = "rpc", "rpc", "{A03D212E-D08D-46F2-B368-0C3CF44F0265}"
	ProjectSection(SolutionItems) = preProject
		SQLiteOperateForBackupWallet.cs = SQLiteOperateForBackupWallet.cs
	EndProjectSection
EndProject
Project("{2150E333-8FDC-42A3-9474-1A3956D46DE8}") = "TestTool", "TestTool", "{991B450C-421C-4729-8ACC-118B8BD146CE}"
EndProject
Project("{FAE04EC0-301F-11D3-BF4B-00C04F79EFBC}") = "LockContract", "TestTool\LockContract\LockContract.csproj", "{B18E2B48-BFDB-4C4C-9D6F-7CA876A9017F}"
EndProject
Project("{FAE04EC0-301F-11D3-BF4B-00C04F79EFBC}") = "PostRequest", "TestTool\PostRequest\PostRequest.csproj", "{E9008633-CB5F-4836-98CA-56615DD69D08}"
EndProject
Project("{9A19103F-16F7-4668-BE54-9A1E7A4F7556}") = "TestTransaction", "TestTool\TestTransaction\TestTransaction.csproj", "{CDD26586-3DB2-4DAC-9C67-E44E272EF63C}"
EndProject
Project("{9A19103F-16F7-4668-BE54-9A1E7A4F7556}") = "Bhp.SmartContract.Framework", "bhp-devpack-dotnet\Bhp.SmartContract.Framework\Bhp.SmartContract.Framework.csproj", "{4CE303BB-1E4C-4A99-B33A-0B6DB352328B}"
EndProject
Project("{FAE04EC0-301F-11D3-BF4B-00C04F79EFBC}") = "BatchTest", "TestTool\BatchTest\BatchTest.csproj", "{CF2E06AD-7B64-4C9C-8D15-ABCD1264E4AB}"
EndProject
Global
	GlobalSection(SolutionConfigurationPlatforms) = preSolution
		Debug|Any CPU = Debug|Any CPU
		Debug|x64 = Debug|x64
		Debug|x86 = Debug|x86
		Release|Any CPU = Release|Any CPU
		Release|x64 = Release|x64
		Release|x86 = Release|x86
	EndGlobalSection
	GlobalSection(ProjectConfigurationPlatforms) = postSolution
		{58589644-1585-496C-9001-815A436F3A9E}.Debug|Any CPU.ActiveCfg = Debug|Any CPU
		{58589644-1585-496C-9001-815A436F3A9E}.Debug|Any CPU.Build.0 = Debug|Any CPU
		{58589644-1585-496C-9001-815A436F3A9E}.Debug|x64.ActiveCfg = Debug|Any CPU
		{58589644-1585-496C-9001-815A436F3A9E}.Debug|x64.Build.0 = Debug|Any CPU
		{58589644-1585-496C-9001-815A436F3A9E}.Debug|x86.ActiveCfg = Debug|Any CPU
		{58589644-1585-496C-9001-815A436F3A9E}.Debug|x86.Build.0 = Debug|Any CPU
		{58589644-1585-496C-9001-815A436F3A9E}.Release|Any CPU.ActiveCfg = Release|Any CPU
		{58589644-1585-496C-9001-815A436F3A9E}.Release|Any CPU.Build.0 = Release|Any CPU
		{58589644-1585-496C-9001-815A436F3A9E}.Release|x64.ActiveCfg = Release|Any CPU
		{58589644-1585-496C-9001-815A436F3A9E}.Release|x64.Build.0 = Release|Any CPU
		{58589644-1585-496C-9001-815A436F3A9E}.Release|x86.ActiveCfg = Release|Any CPU
		{58589644-1585-496C-9001-815A436F3A9E}.Release|x86.Build.0 = Release|Any CPU
		{8D212845-8415-4FA3-8AF6-52487B88FD84}.Debug|Any CPU.ActiveCfg = Debug|Any CPU
		{8D212845-8415-4FA3-8AF6-52487B88FD84}.Debug|Any CPU.Build.0 = Debug|Any CPU
		{8D212845-8415-4FA3-8AF6-52487B88FD84}.Debug|x64.ActiveCfg = Debug|Any CPU
		{8D212845-8415-4FA3-8AF6-52487B88FD84}.Debug|x64.Build.0 = Debug|Any CPU
		{8D212845-8415-4FA3-8AF6-52487B88FD84}.Debug|x86.ActiveCfg = Debug|Any CPU
		{8D212845-8415-4FA3-8AF6-52487B88FD84}.Debug|x86.Build.0 = Debug|Any CPU
		{8D212845-8415-4FA3-8AF6-52487B88FD84}.Release|Any CPU.ActiveCfg = Release|Any CPU
		{8D212845-8415-4FA3-8AF6-52487B88FD84}.Release|Any CPU.Build.0 = Release|Any CPU
		{8D212845-8415-4FA3-8AF6-52487B88FD84}.Release|x64.ActiveCfg = Release|Any CPU
		{8D212845-8415-4FA3-8AF6-52487B88FD84}.Release|x64.Build.0 = Release|Any CPU
		{8D212845-8415-4FA3-8AF6-52487B88FD84}.Release|x86.ActiveCfg = Release|Any CPU
		{8D212845-8415-4FA3-8AF6-52487B88FD84}.Release|x86.Build.0 = Release|Any CPU
		{29CA792D-78A6-4307-BD2E-199CBAF13452}.Debug|Any CPU.ActiveCfg = Debug|Any CPU
		{29CA792D-78A6-4307-BD2E-199CBAF13452}.Debug|Any CPU.Build.0 = Debug|Any CPU
		{29CA792D-78A6-4307-BD2E-199CBAF13452}.Debug|x64.ActiveCfg = Debug|Any CPU
		{29CA792D-78A6-4307-BD2E-199CBAF13452}.Debug|x64.Build.0 = Debug|Any CPU
		{29CA792D-78A6-4307-BD2E-199CBAF13452}.Debug|x86.ActiveCfg = Debug|Any CPU
		{29CA792D-78A6-4307-BD2E-199CBAF13452}.Debug|x86.Build.0 = Debug|Any CPU
		{29CA792D-78A6-4307-BD2E-199CBAF13452}.Release|Any CPU.ActiveCfg = Release|Any CPU
		{29CA792D-78A6-4307-BD2E-199CBAF13452}.Release|Any CPU.Build.0 = Release|Any CPU
		{29CA792D-78A6-4307-BD2E-199CBAF13452}.Release|x64.ActiveCfg = Release|Any CPU
		{29CA792D-78A6-4307-BD2E-199CBAF13452}.Release|x64.Build.0 = Release|Any CPU
		{29CA792D-78A6-4307-BD2E-199CBAF13452}.Release|x86.ActiveCfg = Release|Any CPU
		{29CA792D-78A6-4307-BD2E-199CBAF13452}.Release|x86.Build.0 = Release|Any CPU
		{7B3153EA-F050-422D-95DC-730BF9C98A9A}.Debug|Any CPU.ActiveCfg = Debug|Any CPU
		{7B3153EA-F050-422D-95DC-730BF9C98A9A}.Debug|Any CPU.Build.0 = Debug|Any CPU
		{7B3153EA-F050-422D-95DC-730BF9C98A9A}.Debug|x64.ActiveCfg = Debug|Any CPU
		{7B3153EA-F050-422D-95DC-730BF9C98A9A}.Debug|x64.Build.0 = Debug|Any CPU
		{7B3153EA-F050-422D-95DC-730BF9C98A9A}.Debug|x86.ActiveCfg = Debug|Any CPU
		{7B3153EA-F050-422D-95DC-730BF9C98A9A}.Debug|x86.Build.0 = Debug|Any CPU
		{7B3153EA-F050-422D-95DC-730BF9C98A9A}.Release|Any CPU.ActiveCfg = Release|Any CPU
		{7B3153EA-F050-422D-95DC-730BF9C98A9A}.Release|Any CPU.Build.0 = Release|Any CPU
		{7B3153EA-F050-422D-95DC-730BF9C98A9A}.Release|x64.ActiveCfg = Release|Any CPU
		{7B3153EA-F050-422D-95DC-730BF9C98A9A}.Release|x64.Build.0 = Release|Any CPU
		{7B3153EA-F050-422D-95DC-730BF9C98A9A}.Release|x86.ActiveCfg = Release|Any CPU
		{7B3153EA-F050-422D-95DC-730BF9C98A9A}.Release|x86.Build.0 = Release|Any CPU
		{CFC243F0-F4E3-4754-8E21-8BA17E1C1788}.Debug|Any CPU.ActiveCfg = Debug|Any CPU
		{CFC243F0-F4E3-4754-8E21-8BA17E1C1788}.Debug|Any CPU.Build.0 = Debug|Any CPU
		{CFC243F0-F4E3-4754-8E21-8BA17E1C1788}.Debug|x64.ActiveCfg = Debug|Any CPU
		{CFC243F0-F4E3-4754-8E21-8BA17E1C1788}.Debug|x64.Build.0 = Debug|Any CPU
		{CFC243F0-F4E3-4754-8E21-8BA17E1C1788}.Debug|x86.ActiveCfg = Debug|Any CPU
		{CFC243F0-F4E3-4754-8E21-8BA17E1C1788}.Debug|x86.Build.0 = Debug|Any CPU
		{CFC243F0-F4E3-4754-8E21-8BA17E1C1788}.Release|Any CPU.ActiveCfg = Release|Any CPU
		{CFC243F0-F4E3-4754-8E21-8BA17E1C1788}.Release|Any CPU.Build.0 = Release|Any CPU
		{CFC243F0-F4E3-4754-8E21-8BA17E1C1788}.Release|x64.ActiveCfg = Release|Any CPU
		{CFC243F0-F4E3-4754-8E21-8BA17E1C1788}.Release|x64.Build.0 = Release|Any CPU
		{CFC243F0-F4E3-4754-8E21-8BA17E1C1788}.Release|x86.ActiveCfg = Release|Any CPU
		{CFC243F0-F4E3-4754-8E21-8BA17E1C1788}.Release|x86.Build.0 = Release|Any CPU
		{FD148758-EC3D-45CB-B317-673C9E39B7E3}.Debug|Any CPU.ActiveCfg = Debug|Any CPU
		{FD148758-EC3D-45CB-B317-673C9E39B7E3}.Debug|Any CPU.Build.0 = Debug|Any CPU
		{FD148758-EC3D-45CB-B317-673C9E39B7E3}.Debug|x64.ActiveCfg = Debug|Any CPU
		{FD148758-EC3D-45CB-B317-673C9E39B7E3}.Debug|x64.Build.0 = Debug|Any CPU
		{FD148758-EC3D-45CB-B317-673C9E39B7E3}.Debug|x86.ActiveCfg = Debug|Any CPU
		{FD148758-EC3D-45CB-B317-673C9E39B7E3}.Debug|x86.Build.0 = Debug|Any CPU
		{FD148758-EC3D-45CB-B317-673C9E39B7E3}.Release|Any CPU.ActiveCfg = Release|Any CPU
		{FD148758-EC3D-45CB-B317-673C9E39B7E3}.Release|Any CPU.Build.0 = Release|Any CPU
		{FD148758-EC3D-45CB-B317-673C9E39B7E3}.Release|x64.ActiveCfg = Release|Any CPU
		{FD148758-EC3D-45CB-B317-673C9E39B7E3}.Release|x64.Build.0 = Release|Any CPU
		{FD148758-EC3D-45CB-B317-673C9E39B7E3}.Release|x86.ActiveCfg = Release|Any CPU
		{FD148758-EC3D-45CB-B317-673C9E39B7E3}.Release|x86.Build.0 = Release|Any CPU
		{6DE9B330-87E4-44D4-9FB5-38971EAADE5B}.Debug|Any CPU.ActiveCfg = Debug|Any CPU
		{6DE9B330-87E4-44D4-9FB5-38971EAADE5B}.Debug|Any CPU.Build.0 = Debug|Any CPU
		{6DE9B330-87E4-44D4-9FB5-38971EAADE5B}.Debug|x64.ActiveCfg = Debug|Any CPU
		{6DE9B330-87E4-44D4-9FB5-38971EAADE5B}.Debug|x64.Build.0 = Debug|Any CPU
		{6DE9B330-87E4-44D4-9FB5-38971EAADE5B}.Debug|x86.ActiveCfg = Debug|Any CPU
		{6DE9B330-87E4-44D4-9FB5-38971EAADE5B}.Debug|x86.Build.0 = Debug|Any CPU
		{6DE9B330-87E4-44D4-9FB5-38971EAADE5B}.Release|Any CPU.ActiveCfg = Release|Any CPU
		{6DE9B330-87E4-44D4-9FB5-38971EAADE5B}.Release|Any CPU.Build.0 = Release|Any CPU
		{6DE9B330-87E4-44D4-9FB5-38971EAADE5B}.Release|x64.ActiveCfg = Release|Any CPU
		{6DE9B330-87E4-44D4-9FB5-38971EAADE5B}.Release|x64.Build.0 = Release|Any CPU
		{6DE9B330-87E4-44D4-9FB5-38971EAADE5B}.Release|x86.ActiveCfg = Release|Any CPU
		{6DE9B330-87E4-44D4-9FB5-38971EAADE5B}.Release|x86.Build.0 = Release|Any CPU
		{53D1CAB4-F5FD-404C-A918-F14AC25354FE}.Debug|Any CPU.ActiveCfg = Debug|Any CPU
		{53D1CAB4-F5FD-404C-A918-F14AC25354FE}.Debug|Any CPU.Build.0 = Debug|Any CPU
		{53D1CAB4-F5FD-404C-A918-F14AC25354FE}.Debug|x64.ActiveCfg = Debug|Any CPU
		{53D1CAB4-F5FD-404C-A918-F14AC25354FE}.Debug|x64.Build.0 = Debug|Any CPU
		{53D1CAB4-F5FD-404C-A918-F14AC25354FE}.Debug|x86.ActiveCfg = Debug|Any CPU
		{53D1CAB4-F5FD-404C-A918-F14AC25354FE}.Debug|x86.Build.0 = Debug|Any CPU
		{53D1CAB4-F5FD-404C-A918-F14AC25354FE}.Release|Any CPU.ActiveCfg = Release|Any CPU
		{53D1CAB4-F5FD-404C-A918-F14AC25354FE}.Release|Any CPU.Build.0 = Release|Any CPU
		{53D1CAB4-F5FD-404C-A918-F14AC25354FE}.Release|x64.ActiveCfg = Release|Any CPU
		{53D1CAB4-F5FD-404C-A918-F14AC25354FE}.Release|x64.Build.0 = Release|Any CPU
		{53D1CAB4-F5FD-404C-A918-F14AC25354FE}.Release|x86.ActiveCfg = Release|Any CPU
		{53D1CAB4-F5FD-404C-A918-F14AC25354FE}.Release|x86.Build.0 = Release|Any CPU
		{CF23D5E8-2732-4CBB-9639-21D3EE4C245F}.Debug|Any CPU.ActiveCfg = Debug|Any CPU
		{CF23D5E8-2732-4CBB-9639-21D3EE4C245F}.Debug|Any CPU.Build.0 = Debug|Any CPU
		{CF23D5E8-2732-4CBB-9639-21D3EE4C245F}.Debug|x64.ActiveCfg = Debug|Any CPU
		{CF23D5E8-2732-4CBB-9639-21D3EE4C245F}.Debug|x64.Build.0 = Debug|Any CPU
		{CF23D5E8-2732-4CBB-9639-21D3EE4C245F}.Debug|x86.ActiveCfg = Debug|Any CPU
		{CF23D5E8-2732-4CBB-9639-21D3EE4C245F}.Debug|x86.Build.0 = Debug|Any CPU
		{CF23D5E8-2732-4CBB-9639-21D3EE4C245F}.Release|Any CPU.ActiveCfg = Release|Any CPU
		{CF23D5E8-2732-4CBB-9639-21D3EE4C245F}.Release|Any CPU.Build.0 = Release|Any CPU
		{CF23D5E8-2732-4CBB-9639-21D3EE4C245F}.Release|x64.ActiveCfg = Release|Any CPU
		{CF23D5E8-2732-4CBB-9639-21D3EE4C245F}.Release|x64.Build.0 = Release|Any CPU
		{CF23D5E8-2732-4CBB-9639-21D3EE4C245F}.Release|x86.ActiveCfg = Release|Any CPU
		{CF23D5E8-2732-4CBB-9639-21D3EE4C245F}.Release|x86.Build.0 = Release|Any CPU
		{7BCE9837-DD29-41A0-85E5-1540E7D492B3}.Debug|Any CPU.ActiveCfg = Debug|Any CPU
		{7BCE9837-DD29-41A0-85E5-1540E7D492B3}.Debug|Any CPU.Build.0 = Debug|Any CPU
		{7BCE9837-DD29-41A0-85E5-1540E7D492B3}.Debug|x64.ActiveCfg = Debug|Any CPU
		{7BCE9837-DD29-41A0-85E5-1540E7D492B3}.Debug|x64.Build.0 = Debug|Any CPU
		{7BCE9837-DD29-41A0-85E5-1540E7D492B3}.Debug|x86.ActiveCfg = Debug|Any CPU
		{7BCE9837-DD29-41A0-85E5-1540E7D492B3}.Debug|x86.Build.0 = Debug|Any CPU
		{7BCE9837-DD29-41A0-85E5-1540E7D492B3}.Release|Any CPU.ActiveCfg = Release|Any CPU
		{7BCE9837-DD29-41A0-85E5-1540E7D492B3}.Release|Any CPU.Build.0 = Release|Any CPU
		{7BCE9837-DD29-41A0-85E5-1540E7D492B3}.Release|x64.ActiveCfg = Release|Any CPU
		{7BCE9837-DD29-41A0-85E5-1540E7D492B3}.Release|x64.Build.0 = Release|Any CPU
		{7BCE9837-DD29-41A0-85E5-1540E7D492B3}.Release|x86.ActiveCfg = Release|Any CPU
		{7BCE9837-DD29-41A0-85E5-1540E7D492B3}.Release|x86.Build.0 = Release|Any CPU
		{8F0C2B01-7192-4EEB-8AD6-E16D11CA26AD}.Debug|Any CPU.ActiveCfg = Debug|Any CPU
		{8F0C2B01-7192-4EEB-8AD6-E16D11CA26AD}.Debug|Any CPU.Build.0 = Debug|Any CPU
		{8F0C2B01-7192-4EEB-8AD6-E16D11CA26AD}.Debug|x64.ActiveCfg = Debug|Any CPU
		{8F0C2B01-7192-4EEB-8AD6-E16D11CA26AD}.Debug|x64.Build.0 = Debug|Any CPU
		{8F0C2B01-7192-4EEB-8AD6-E16D11CA26AD}.Debug|x86.ActiveCfg = Debug|Any CPU
		{8F0C2B01-7192-4EEB-8AD6-E16D11CA26AD}.Debug|x86.Build.0 = Debug|Any CPU
		{8F0C2B01-7192-4EEB-8AD6-E16D11CA26AD}.Release|Any CPU.ActiveCfg = Release|Any CPU
		{8F0C2B01-7192-4EEB-8AD6-E16D11CA26AD}.Release|Any CPU.Build.0 = Release|Any CPU
		{8F0C2B01-7192-4EEB-8AD6-E16D11CA26AD}.Release|x64.ActiveCfg = Release|Any CPU
		{8F0C2B01-7192-4EEB-8AD6-E16D11CA26AD}.Release|x64.Build.0 = Release|Any CPU
		{8F0C2B01-7192-4EEB-8AD6-E16D11CA26AD}.Release|x86.ActiveCfg = Release|Any CPU
		{8F0C2B01-7192-4EEB-8AD6-E16D11CA26AD}.Release|x86.Build.0 = Release|Any CPU
		{346E219B-D965-4FB4-A231-28247CA31A8D}.Debug|Any CPU.ActiveCfg = Debug|Any CPU
		{346E219B-D965-4FB4-A231-28247CA31A8D}.Debug|Any CPU.Build.0 = Debug|Any CPU
		{346E219B-D965-4FB4-A231-28247CA31A8D}.Debug|x64.ActiveCfg = Debug|Any CPU
		{346E219B-D965-4FB4-A231-28247CA31A8D}.Debug|x64.Build.0 = Debug|Any CPU
		{346E219B-D965-4FB4-A231-28247CA31A8D}.Debug|x86.ActiveCfg = Debug|Any CPU
		{346E219B-D965-4FB4-A231-28247CA31A8D}.Debug|x86.Build.0 = Debug|Any CPU
		{346E219B-D965-4FB4-A231-28247CA31A8D}.Release|Any CPU.ActiveCfg = Release|Any CPU
		{346E219B-D965-4FB4-A231-28247CA31A8D}.Release|Any CPU.Build.0 = Release|Any CPU
		{346E219B-D965-4FB4-A231-28247CA31A8D}.Release|x64.ActiveCfg = Release|Any CPU
		{346E219B-D965-4FB4-A231-28247CA31A8D}.Release|x64.Build.0 = Release|Any CPU
		{346E219B-D965-4FB4-A231-28247CA31A8D}.Release|x86.ActiveCfg = Release|Any CPU
		{346E219B-D965-4FB4-A231-28247CA31A8D}.Release|x86.Build.0 = Release|Any CPU
		{C09191CD-E72A-4D9B-A669-11D5212B35B2}.Debug|Any CPU.ActiveCfg = Debug|Any CPU
		{C09191CD-E72A-4D9B-A669-11D5212B35B2}.Debug|Any CPU.Build.0 = Debug|Any CPU
		{C09191CD-E72A-4D9B-A669-11D5212B35B2}.Debug|x64.ActiveCfg = Debug|Any CPU
		{C09191CD-E72A-4D9B-A669-11D5212B35B2}.Debug|x64.Build.0 = Debug|Any CPU
		{C09191CD-E72A-4D9B-A669-11D5212B35B2}.Debug|x86.ActiveCfg = Debug|Any CPU
		{C09191CD-E72A-4D9B-A669-11D5212B35B2}.Debug|x86.Build.0 = Debug|Any CPU
		{C09191CD-E72A-4D9B-A669-11D5212B35B2}.Release|Any CPU.ActiveCfg = Release|Any CPU
		{C09191CD-E72A-4D9B-A669-11D5212B35B2}.Release|Any CPU.Build.0 = Release|Any CPU
		{C09191CD-E72A-4D9B-A669-11D5212B35B2}.Release|x64.ActiveCfg = Release|Any CPU
		{C09191CD-E72A-4D9B-A669-11D5212B35B2}.Release|x64.Build.0 = Release|Any CPU
		{C09191CD-E72A-4D9B-A669-11D5212B35B2}.Release|x86.ActiveCfg = Release|Any CPU
		{C09191CD-E72A-4D9B-A669-11D5212B35B2}.Release|x86.Build.0 = Release|Any CPU
		{8D5FFCB2-3E6E-47AD-AA2A-17D08A55C4E0}.Debug|Any CPU.ActiveCfg = Debug|Any CPU
		{8D5FFCB2-3E6E-47AD-AA2A-17D08A55C4E0}.Debug|Any CPU.Build.0 = Debug|Any CPU
		{8D5FFCB2-3E6E-47AD-AA2A-17D08A55C4E0}.Debug|x64.ActiveCfg = Debug|Any CPU
		{8D5FFCB2-3E6E-47AD-AA2A-17D08A55C4E0}.Debug|x64.Build.0 = Debug|Any CPU
		{8D5FFCB2-3E6E-47AD-AA2A-17D08A55C4E0}.Debug|x86.ActiveCfg = Debug|Any CPU
		{8D5FFCB2-3E6E-47AD-AA2A-17D08A55C4E0}.Debug|x86.Build.0 = Debug|Any CPU
		{8D5FFCB2-3E6E-47AD-AA2A-17D08A55C4E0}.Release|Any CPU.ActiveCfg = Release|Any CPU
		{8D5FFCB2-3E6E-47AD-AA2A-17D08A55C4E0}.Release|Any CPU.Build.0 = Release|Any CPU
		{8D5FFCB2-3E6E-47AD-AA2A-17D08A55C4E0}.Release|x64.ActiveCfg = Release|Any CPU
		{8D5FFCB2-3E6E-47AD-AA2A-17D08A55C4E0}.Release|x64.Build.0 = Release|Any CPU
		{8D5FFCB2-3E6E-47AD-AA2A-17D08A55C4E0}.Release|x86.ActiveCfg = Release|Any CPU
		{8D5FFCB2-3E6E-47AD-AA2A-17D08A55C4E0}.Release|x86.Build.0 = Release|Any CPU
		{2ACD4E4C-26C0-4353-B770-B6B515BF01F6}.Debug|Any CPU.ActiveCfg = Debug|Any CPU
		{2ACD4E4C-26C0-4353-B770-B6B515BF01F6}.Debug|Any CPU.Build.0 = Debug|Any CPU
		{2ACD4E4C-26C0-4353-B770-B6B515BF01F6}.Debug|x64.ActiveCfg = Debug|Any CPU
		{2ACD4E4C-26C0-4353-B770-B6B515BF01F6}.Debug|x64.Build.0 = Debug|Any CPU
		{2ACD4E4C-26C0-4353-B770-B6B515BF01F6}.Debug|x86.ActiveCfg = Debug|Any CPU
		{2ACD4E4C-26C0-4353-B770-B6B515BF01F6}.Debug|x86.Build.0 = Debug|Any CPU
		{2ACD4E4C-26C0-4353-B770-B6B515BF01F6}.Release|Any CPU.ActiveCfg = Release|Any CPU
		{2ACD4E4C-26C0-4353-B770-B6B515BF01F6}.Release|Any CPU.Build.0 = Release|Any CPU
		{2ACD4E4C-26C0-4353-B770-B6B515BF01F6}.Release|x64.ActiveCfg = Release|Any CPU
		{2ACD4E4C-26C0-4353-B770-B6B515BF01F6}.Release|x64.Build.0 = Release|Any CPU
		{2ACD4E4C-26C0-4353-B770-B6B515BF01F6}.Release|x86.ActiveCfg = Release|Any CPU
		{2ACD4E4C-26C0-4353-B770-B6B515BF01F6}.Release|x86.Build.0 = Release|Any CPU
		{3F99F967-FD76-4E44-A805-92F07C362D61}.Debug|Any CPU.ActiveCfg = Debug|Any CPU
		{3F99F967-FD76-4E44-A805-92F07C362D61}.Debug|Any CPU.Build.0 = Debug|Any CPU
		{3F99F967-FD76-4E44-A805-92F07C362D61}.Debug|x64.ActiveCfg = Debug|Any CPU
		{3F99F967-FD76-4E44-A805-92F07C362D61}.Debug|x64.Build.0 = Debug|Any CPU
		{3F99F967-FD76-4E44-A805-92F07C362D61}.Debug|x86.ActiveCfg = Debug|Any CPU
		{3F99F967-FD76-4E44-A805-92F07C362D61}.Debug|x86.Build.0 = Debug|Any CPU
		{3F99F967-FD76-4E44-A805-92F07C362D61}.Release|Any CPU.ActiveCfg = Release|Any CPU
		{3F99F967-FD76-4E44-A805-92F07C362D61}.Release|Any CPU.Build.0 = Release|Any CPU
		{3F99F967-FD76-4E44-A805-92F07C362D61}.Release|x64.ActiveCfg = Release|Any CPU
		{3F99F967-FD76-4E44-A805-92F07C362D61}.Release|x64.Build.0 = Release|Any CPU
		{3F99F967-FD76-4E44-A805-92F07C362D61}.Release|x86.ActiveCfg = Release|Any CPU
		{3F99F967-FD76-4E44-A805-92F07C362D61}.Release|x86.Build.0 = Release|Any CPU
		{B18E2B48-BFDB-4C4C-9D6F-7CA876A9017F}.Debug|Any CPU.ActiveCfg = Debug|Any CPU
		{B18E2B48-BFDB-4C4C-9D6F-7CA876A9017F}.Debug|Any CPU.Build.0 = Debug|Any CPU
		{B18E2B48-BFDB-4C4C-9D6F-7CA876A9017F}.Debug|x64.ActiveCfg = Debug|Any CPU
		{B18E2B48-BFDB-4C4C-9D6F-7CA876A9017F}.Debug|x64.Build.0 = Debug|Any CPU
		{B18E2B48-BFDB-4C4C-9D6F-7CA876A9017F}.Debug|x86.ActiveCfg = Debug|Any CPU
		{B18E2B48-BFDB-4C4C-9D6F-7CA876A9017F}.Debug|x86.Build.0 = Debug|Any CPU
		{B18E2B48-BFDB-4C4C-9D6F-7CA876A9017F}.Release|Any CPU.ActiveCfg = Release|Any CPU
		{B18E2B48-BFDB-4C4C-9D6F-7CA876A9017F}.Release|Any CPU.Build.0 = Release|Any CPU
		{B18E2B48-BFDB-4C4C-9D6F-7CA876A9017F}.Release|x64.ActiveCfg = Release|Any CPU
		{B18E2B48-BFDB-4C4C-9D6F-7CA876A9017F}.Release|x64.Build.0 = Release|Any CPU
		{B18E2B48-BFDB-4C4C-9D6F-7CA876A9017F}.Release|x86.ActiveCfg = Release|Any CPU
		{B18E2B48-BFDB-4C4C-9D6F-7CA876A9017F}.Release|x86.Build.0 = Release|Any CPU
		{E9008633-CB5F-4836-98CA-56615DD69D08}.Debug|Any CPU.ActiveCfg = Debug|Any CPU
		{E9008633-CB5F-4836-98CA-56615DD69D08}.Debug|Any CPU.Build.0 = Debug|Any CPU
		{E9008633-CB5F-4836-98CA-56615DD69D08}.Debug|x64.ActiveCfg = Debug|Any CPU
		{E9008633-CB5F-4836-98CA-56615DD69D08}.Debug|x64.Build.0 = Debug|Any CPU
		{E9008633-CB5F-4836-98CA-56615DD69D08}.Debug|x86.ActiveCfg = Debug|Any CPU
		{E9008633-CB5F-4836-98CA-56615DD69D08}.Debug|x86.Build.0 = Debug|Any CPU
		{E9008633-CB5F-4836-98CA-56615DD69D08}.Release|Any CPU.ActiveCfg = Release|Any CPU
		{E9008633-CB5F-4836-98CA-56615DD69D08}.Release|Any CPU.Build.0 = Release|Any CPU
		{E9008633-CB5F-4836-98CA-56615DD69D08}.Release|x64.ActiveCfg = Release|Any CPU
		{E9008633-CB5F-4836-98CA-56615DD69D08}.Release|x64.Build.0 = Release|Any CPU
		{E9008633-CB5F-4836-98CA-56615DD69D08}.Release|x86.ActiveCfg = Release|Any CPU
		{E9008633-CB5F-4836-98CA-56615DD69D08}.Release|x86.Build.0 = Release|Any CPU
		{CDD26586-3DB2-4DAC-9C67-E44E272EF63C}.Debug|Any CPU.ActiveCfg = Debug|Any CPU
		{CDD26586-3DB2-4DAC-9C67-E44E272EF63C}.Debug|Any CPU.Build.0 = Debug|Any CPU
		{CDD26586-3DB2-4DAC-9C67-E44E272EF63C}.Debug|x64.ActiveCfg = Debug|Any CPU
		{CDD26586-3DB2-4DAC-9C67-E44E272EF63C}.Debug|x64.Build.0 = Debug|Any CPU
		{CDD26586-3DB2-4DAC-9C67-E44E272EF63C}.Debug|x86.ActiveCfg = Debug|Any CPU
		{CDD26586-3DB2-4DAC-9C67-E44E272EF63C}.Debug|x86.Build.0 = Debug|Any CPU
		{CDD26586-3DB2-4DAC-9C67-E44E272EF63C}.Release|Any CPU.ActiveCfg = Release|Any CPU
		{CDD26586-3DB2-4DAC-9C67-E44E272EF63C}.Release|Any CPU.Build.0 = Release|Any CPU
		{CDD26586-3DB2-4DAC-9C67-E44E272EF63C}.Release|x64.ActiveCfg = Release|Any CPU
		{CDD26586-3DB2-4DAC-9C67-E44E272EF63C}.Release|x64.Build.0 = Release|Any CPU
		{CDD26586-3DB2-4DAC-9C67-E44E272EF63C}.Release|x86.ActiveCfg = Release|Any CPU
		{CDD26586-3DB2-4DAC-9C67-E44E272EF63C}.Release|x86.Build.0 = Release|Any CPU
		{4CE303BB-1E4C-4A99-B33A-0B6DB352328B}.Debug|Any CPU.ActiveCfg = Debug|Any CPU
		{4CE303BB-1E4C-4A99-B33A-0B6DB352328B}.Debug|Any CPU.Build.0 = Debug|Any CPU
		{4CE303BB-1E4C-4A99-B33A-0B6DB352328B}.Debug|x64.ActiveCfg = Debug|Any CPU
		{4CE303BB-1E4C-4A99-B33A-0B6DB352328B}.Debug|x64.Build.0 = Debug|Any CPU
		{4CE303BB-1E4C-4A99-B33A-0B6DB352328B}.Debug|x86.ActiveCfg = Debug|Any CPU
		{4CE303BB-1E4C-4A99-B33A-0B6DB352328B}.Debug|x86.Build.0 = Debug|Any CPU
		{4CE303BB-1E4C-4A99-B33A-0B6DB352328B}.Release|Any CPU.ActiveCfg = Release|Any CPU
		{4CE303BB-1E4C-4A99-B33A-0B6DB352328B}.Release|Any CPU.Build.0 = Release|Any CPU
		{4CE303BB-1E4C-4A99-B33A-0B6DB352328B}.Release|x64.ActiveCfg = Release|Any CPU
		{4CE303BB-1E4C-4A99-B33A-0B6DB352328B}.Release|x64.Build.0 = Release|Any CPU
		{4CE303BB-1E4C-4A99-B33A-0B6DB352328B}.Release|x86.ActiveCfg = Release|Any CPU
		{4CE303BB-1E4C-4A99-B33A-0B6DB352328B}.Release|x86.Build.0 = Release|Any CPU
		{CF2E06AD-7B64-4C9C-8D15-ABCD1264E4AB}.Debug|Any CPU.ActiveCfg = Debug|Any CPU
		{CF2E06AD-7B64-4C9C-8D15-ABCD1264E4AB}.Debug|Any CPU.Build.0 = Debug|Any CPU
		{CF2E06AD-7B64-4C9C-8D15-ABCD1264E4AB}.Debug|x64.ActiveCfg = Debug|Any CPU
		{CF2E06AD-7B64-4C9C-8D15-ABCD1264E4AB}.Debug|x64.Build.0 = Debug|Any CPU
		{CF2E06AD-7B64-4C9C-8D15-ABCD1264E4AB}.Debug|x86.ActiveCfg = Debug|Any CPU
		{CF2E06AD-7B64-4C9C-8D15-ABCD1264E4AB}.Debug|x86.Build.0 = Debug|Any CPU
		{CF2E06AD-7B64-4C9C-8D15-ABCD1264E4AB}.Release|Any CPU.ActiveCfg = Release|Any CPU
		{CF2E06AD-7B64-4C9C-8D15-ABCD1264E4AB}.Release|Any CPU.Build.0 = Release|Any CPU
		{CF2E06AD-7B64-4C9C-8D15-ABCD1264E4AB}.Release|x64.ActiveCfg = Release|Any CPU
		{CF2E06AD-7B64-4C9C-8D15-ABCD1264E4AB}.Release|x64.Build.0 = Release|Any CPU
		{CF2E06AD-7B64-4C9C-8D15-ABCD1264E4AB}.Release|x86.ActiveCfg = Release|Any CPU
		{CF2E06AD-7B64-4C9C-8D15-ABCD1264E4AB}.Release|x86.Build.0 = Release|Any CPU
	EndGlobalSection
	GlobalSection(SolutionProperties) = preSolution
		HideSolutionNode = FALSE
	EndGlobalSection
	GlobalSection(NestedProjects) = preSolution
		{FD148758-EC3D-45CB-B317-673C9E39B7E3} = {9B4CB6B6-2480-459E-9EB5-7CBE6DCA959D}
		{6DE9B330-87E4-44D4-9FB5-38971EAADE5B} = {9B4CB6B6-2480-459E-9EB5-7CBE6DCA959D}
		{53D1CAB4-F5FD-404C-A918-F14AC25354FE} = {9B4CB6B6-2480-459E-9EB5-7CBE6DCA959D}
		{CF23D5E8-2732-4CBB-9639-21D3EE4C245F} = {9B4CB6B6-2480-459E-9EB5-7CBE6DCA959D}
		{7BCE9837-DD29-41A0-85E5-1540E7D492B3} = {CD337D32-63CB-4092-8475-EDFCE01E1249}
		{8F0C2B01-7192-4EEB-8AD6-E16D11CA26AD} = {CD337D32-63CB-4092-8475-EDFCE01E1249}
		{346E219B-D965-4FB4-A231-28247CA31A8D} = {CD337D32-63CB-4092-8475-EDFCE01E1249}
		{8D5FFCB2-3E6E-47AD-AA2A-17D08A55C4E0} = {4EDA5316-4D56-413E-87BC-02E95F1D265A}
		{2ACD4E4C-26C0-4353-B770-B6B515BF01F6} = {9B4CB6B6-2480-459E-9EB5-7CBE6DCA959D}
		{3F99F967-FD76-4E44-A805-92F07C362D61} = {9B4CB6B6-2480-459E-9EB5-7CBE6DCA959D}
		{B18E2B48-BFDB-4C4C-9D6F-7CA876A9017F} = {991B450C-421C-4729-8ACC-118B8BD146CE}
		{E9008633-CB5F-4836-98CA-56615DD69D08} = {991B450C-421C-4729-8ACC-118B8BD146CE}
		{CDD26586-3DB2-4DAC-9C67-E44E272EF63C} = {991B450C-421C-4729-8ACC-118B8BD146CE}
		{CF2E06AD-7B64-4C9C-8D15-ABCD1264E4AB} = {991B450C-421C-4729-8ACC-118B8BD146CE}
	EndGlobalSection
	GlobalSection(ExtensibilityGlobals) = postSolution
		SolutionGuid = {5AB9CE67-DBD2-49E7-ADAA-29544EE1E2AF}
	EndGlobalSection
EndGlobal
