
Microsoft Visual Studio Solution File, Format Version 12.00
# Visual Studio 15
VisualStudioVersion = 15.0.26430.15
MinimumVisualStudioVersion = 10.0.40219.1
Project("{9A19103F-16F7-4668-BE54-9A1E7A4F7556}") = "bhp-gateway", "bhp-gateway\bhp-gateway.csproj", "{C7AB18DC-DA33-4E0A-B999-4BB36799E69D}"
EndProject
Global
	GlobalSection(SolutionConfigurationPlatforms) = preSolution
		Debug|Any CPU = Debug|Any CPU
		Release|Any CPU = Release|Any CPU
	EndGlobalSection
	GlobalSection(ProjectConfigurationPlatforms) = postSolution
		{C7AB18DC-DA33-4E0A-B999-4BB36799E69D}.Debug|Any CPU.ActiveCfg = Debug|Any CPU
		{C7AB18DC-DA33-4E0A-B999-4BB36799E69D}.Debug|Any CPU.Build.0 = Debug|Any CPU
		{C7AB18DC-DA33-4E0A-B999-4BB36799E69D}.Release|Any CPU.ActiveCfg = Release|Any CPU
		{C7AB18DC-DA33-4E0A-B999-4BB36799E69D}.Release|Any CPU.Build.0 = Release|Any CPU
	EndGlobalSection
	GlobalSection(SolutionProperties) = preSolution
		HideSolutionNode = FALSE
	EndGlobalSection
	GlobalSection(ExtensibilityGlobals) = postSolution
		SolutionGuid = {C71E8AC0-087A-41E9-821D-3733F1BA14FA}
	EndGlobalSection
EndGlobal
